
Microsoft Visual Studio Solution File, Format Version 12.00
# Visual Studio Version 17
VisualStudioVersion = 17.3.32901.215
MinimumVisualStudioVersion = 10.0.40219.1
Project("{FAE04EC0-301F-11D3-BF4B-00C04F79EFBC}") = "OZQ-cart", "OZQ-cart\OZQ-cart.csproj", "{17E8C8F1-2116-457D-881D-292C8C1C2C99}"
EndProject
Global
	GlobalSection(SolutionConfigurationPlatforms) = preSolution
		Debug|Any CPU = Debug|Any CPU
		Release|Any CPU = Release|Any CPU
	EndGlobalSection
	GlobalSection(ProjectConfigurationPlatforms) = postSolution
		{17E8C8F1-2116-457D-881D-292C8C1C2C99}.Debug|Any CPU.ActiveCfg = Debug|Any CPU
		{17E8C8F1-2116-457D-881D-292C8C1C2C99}.Debug|Any CPU.Build.0 = Debug|Any CPU
		{17E8C8F1-2116-457D-881D-292C8C1C2C99}.Release|Any CPU.ActiveCfg = Release|Any CPU
		{17E8C8F1-2116-457D-881D-292C8C1C2C99}.Release|Any CPU.Build.0 = Release|Any CPU
	EndGlobalSection
	GlobalSection(SolutionProperties) = preSolution
		HideSolutionNode = FALSE
	EndGlobalSection
	GlobalSection(ExtensibilityGlobals) = postSolution
		SolutionGuid = {1A582A6E-9F49-4FE2-B8B7-3BF08FF862AA}
	EndGlobalSection
EndGlobal
